{
  "name": "popcat-dashboard",
  "lockfileVersion": 2,
  "requires": true,
  "packages": {
    "": {
      "dependencies": {
        "@opentelemetry/exporter-prometheus": "^0.24.0",
        "@opentelemetry/sdk-metrics-base": "^0.24.1-alpha.4",
        "abort-controller": "^3.0.0",
        "async-mutex": "^0.3.1",
        "colors": "^1.4.0",
        "human-readable": "^0.2.1",
        "ip-matching": "^2.1.2",
        "lodash": "^4.17.21",
        "node-fetch": "^2.6.1"
      }
    },
    "node_modules/@opentelemetry/api": {
      "version": "1.0.2",
      "resolved": "https://registry.npmjs.org/@opentelemetry/api/-/api-1.0.2.tgz",
      "integrity": "sha512-DCF9oC89ao8/EJUqrp/beBlDR8Bp2R43jqtzayqCoomIvkwTuPfLcHdVhIGRR69GFlkykFjcDW+V92t0AS7Tww==",
      "peer": true,
      "engines": {
        "node": ">=8.0.0"
      }
    },
    "node_modules/@opentelemetry/api-metrics": {
      "version": "0.24.0",
      "resolved": "https://registry.npmjs.org/@opentelemetry/api-metrics/-/api-metrics-0.24.0.tgz",
      "integrity": "sha512-hdpkMeVlRGTuMshD2ZFaDjA/U0cZTkxUkJFvS/4yOiWfw+kEASmGE+U0/i9lbdQKuCR7X1rXSjbcYumlHcMG+A==",
      "engines": {
        "node": ">=8.0.0"
      },
      "peerDependencies": {
        "@opentelemetry/api": "^1.0.1"
      }
    },
    "node_modules/@opentelemetry/core": {
      "version": "0.24.0",
      "resolved": "https://registry.npmjs.org/@opentelemetry/core/-/core-0.24.0.tgz",
      "integrity": "sha512-KpsfxBbFTZT9zaB4Es/fFLbvSzVl9Io/8UUu/TYl4/HgqkmyVInNlWTgRiKyz9nsHzFpGP1kdZJj+YIut0IFsw==",
      "dependencies": {
        "@opentelemetry/semantic-conventions": "0.24.0",
        "semver": "^7.1.3"
      },
      "engines": {
        "node": ">=8.5.0"
      },
      "peerDependencies": {
        "@opentelemetry/api": "^1.0.1"
      }
    },
    "node_modules/@opentelemetry/exporter-prometheus": {
      "version": "0.24.0",
      "resolved": "https://registry.npmjs.org/@opentelemetry/exporter-prometheus/-/exporter-prometheus-0.24.0.tgz",
      "integrity": "sha512-sPFn+7DSbqQBQ+BrWitL356RnJmMkokSCnvqk5r8vRj4PRBwbbnHZnRgDdsczgj0tFIHzSK87X+H4eGXpYW1WA==",
      "dependencies": {
        "@opentelemetry/api-metrics": "0.24.0",
        "@opentelemetry/core": "0.24.0",
        "@opentelemetry/metrics": "0.24.0"
      },
      "engines": {
        "node": ">=8.0.0"
      },
      "peerDependencies": {
        "@opentelemetry/api": "^1.0.1"
      }
    },
    "node_modules/@opentelemetry/metrics": {
      "version": "0.24.0",
      "resolved": "https://registry.npmjs.org/@opentelemetry/metrics/-/metrics-0.24.0.tgz",
      "integrity": "sha512-QqmQCzrSuJE+sCOJ2xXNhctWPp/Am9ILs0Y01MDS08PRJoK20akKHM7eC4oU8ZdXphMg8rYgW2w7tY8rqvYnJg==",
      "dependencies": {
        "@opentelemetry/api-metrics": "0.24.0",
        "@opentelemetry/core": "0.24.0",
        "@opentelemetry/resources": "0.24.0",
        "lodash.merge": "^4.6.2"
      },
      "engines": {
        "node": ">=8.0.0"
      },
      "peerDependencies": {
        "@opentelemetry/api": "^1.0.1"
      }
    },
    "node_modules/@opentelemetry/resources": {
      "version": "0.24.0",
      "resolved": "https://registry.npmjs.org/@opentelemetry/resources/-/resources-0.24.0.tgz",
      "integrity": "sha512-uEr2m13IRkjQAjX6fsYqJ21aONCspRvuQunaCl8LbH1NS1Gj82TuRUHF6TM82ulBPK8pU+nrrqXKuky2cMcIzw==",
      "dependencies": {
        "@opentelemetry/core": "0.24.0",
        "@opentelemetry/semantic-conventions": "0.24.0"
      },
      "engines": {
        "node": ">=8.0.0"
      },
      "peerDependencies": {
        "@opentelemetry/api": "^1.0.1"
      }
    },
    "node_modules/@opentelemetry/sdk-metrics-base": {
      "version": "0.24.1-alpha.4",
      "resolved": "https://registry.npmjs.org/@opentelemetry/sdk-metrics-base/-/sdk-metrics-base-0.24.1-alpha.4.tgz",
      "integrity": "sha512-X9JOlABaOS/gHqukIjPeupLpXxGcKRGZgN/U6W/8EAxhRzFlJBQEmRA4oph68I3jSGymPP4+KcBTAhGMUK6usw==",
      "dependencies": {
        "@opentelemetry/api-metrics": "^0.24.1-alpha.4+a8d39317",
        "@opentelemetry/core": "^0.24.1-alpha.4+a8d39317",
        "@opentelemetry/resources": "^0.24.1-alpha.4+a8d39317",
        "lodash.merge": "^4.6.2"
      },
      "engines": {
        "node": ">=8.0.0"
      },
      "peerDependencies": {
        "@opentelemetry/api": "^1.0.2"
      }
    },
    "node_modules/@opentelemetry/sdk-metrics-base/node_modules/@opentelemetry/api-metrics": {
      "version": "0.24.1-alpha.31",
      "resolved": "https://registry.npmjs.org/@opentelemetry/api-metrics/-/api-metrics-0.24.1-alpha.31.tgz",
      "integrity": "sha512-WYB42reUHLjQHRuTBjKhRkxcXG92zcp8cYRngF8VsCjjBJrO82Q2lewbfUms1A4RSvl2hs4ODH7+L5qICax75g==",
      "engines": {
        "node": ">=8.0.0"
      },
      "peerDependencies": {
        "@opentelemetry/api": "^1.0.1"
      }
    },
    "node_modules/@opentelemetry/sdk-metrics-base/node_modules/@opentelemetry/core": {
      "version": "0.24.1-alpha.31",
      "resolved": "https://registry.npmjs.org/@opentelemetry/core/-/core-0.24.1-alpha.31.tgz",
      "integrity": "sha512-ssPWP6c+jXRc+zaf3W/7pumBKNP/11EU5rjFKpBE3/5ZKNolZwX6e+UhhXAX8FhdpuFEvtwumUmqryiTKuYK6A==",
      "dependencies": {
        "@opentelemetry/semantic-conventions": "^0.24.1-alpha.31+fd2410cc",
        "semver": "^7.1.3"
      },
      "engines": {
        "node": ">=8.5.0"
      },
      "peerDependencies": {
        "@opentelemetry/api": "^1.0.1"
      }
    },
    "node_modules/@opentelemetry/sdk-metrics-base/node_modules/@opentelemetry/resources": {
      "version": "0.24.1-alpha.31",
      "resolved": "https://registry.npmjs.org/@opentelemetry/resources/-/resources-0.24.1-alpha.31.tgz",
      "integrity": "sha512-QtgoLy0xYXe/O9D8xcZajcrMI47L8tOC7+hbPAjtt7kSGYm0RJU+mupbLvOtxCDKDzsv+VcacxVg/bAbrOF2uA==",
      "dependencies": {
        "@opentelemetry/core": "^0.24.1-alpha.31+fd2410cc",
        "@opentelemetry/semantic-conventions": "^0.24.1-alpha.31+fd2410cc"
      },
      "engines": {
        "node": ">=8.0.0"
      },
      "peerDependencies": {
        "@opentelemetry/api": "^1.0.1"
      }
    },
    "node_modules/@opentelemetry/sdk-metrics-base/node_modules/@opentelemetry/semantic-conventions": {
      "version": "0.24.1-alpha.31",
      "resolved": "https://registry.npmjs.org/@opentelemetry/semantic-conventions/-/semantic-conventions-0.24.1-alpha.31.tgz",
      "integrity": "sha512-kVdxTt4M+Fe5MwZ3QjAFDoHpiJ0MDh0IbvxQkHODb9EUiZxYICgDXKVUM25z/DDctaiXzlfTtVYOLDpPHGStPA==",
      "engines": {
        "node": ">=8.0.0"
      }
    },
    "node_modules/@opentelemetry/semantic-conventions": {
      "version": "0.24.0",
      "resolved": "https://registry.npmjs.org/@opentelemetry/semantic-conventions/-/semantic-conventions-0.24.0.tgz",
      "integrity": "sha512-a/szuMQV0Quy0/M7kKdglcbRSoorleyyOwbTNNJ32O+RBN766wbQlMTvdimImTmwYWGr+NJOni1EcC242WlRcA==",
      "engines": {
        "node": ">=8.0.0"
      }
    },
    "node_modules/abort-controller": {
      "version": "3.0.0",
      "resolved": "https://registry.npmjs.org/abort-controller/-/abort-controller-3.0.0.tgz",
      "integrity": "sha512-h8lQ8tacZYnR3vNQTgibj+tODHI5/+l06Au2Pcriv/Gmet0eaj4TwWH41sO9wnHDiQsEj19q0drzdWdeAHtweg==",
      "dependencies": {
        "event-target-shim": "^5.0.0"
      },
      "engines": {
        "node": ">=6.5"
      }
    },
    "node_modules/async-mutex": {
      "version": "0.3.1",
      "resolved": "https://registry.npmjs.org/async-mutex/-/async-mutex-0.3.1.tgz",
      "integrity": "sha512-vRfQwcqBnJTLzVQo72Sf7KIUbcSUP5hNchx6udI1U6LuPQpfePgdjJzlCe76yFZ8pxlLjn9lwcl/Ya0TSOv0Tw==",
      "dependencies": {
        "tslib": "^2.1.0"
      }
    },
    "node_modules/colors": {
      "version": "1.4.0",
      "resolved": "https://registry.npmjs.org/colors/-/colors-1.4.0.tgz",
      "integrity": "sha512-a+UqTh4kgZg/SlGvfbzDHpgRu7AAQOmmqRHJnxhRZICKFUT91brVhNNt58CMWU9PsBbv3PDCZUHbVxuDiH2mtA==",
      "engines": {
        "node": ">=0.1.90"
      }
    },
    "node_modules/event-target-shim": {
      "version": "5.0.1",
      "resolved": "https://registry.npmjs.org/event-target-shim/-/event-target-shim-5.0.1.tgz",
      "integrity": "sha512-i/2XbnSz/uxRCU6+NdVJgKWDTM427+MqYbkQzD321DuCQJUqOuJKIA0IM2+W2xtYHdKOmZ4dR6fExsd4SXL+WQ==",
      "engines": {
        "node": ">=6"
      }
    },
    "node_modules/human-readable": {
      "version": "0.2.1",
      "resolved": "https://registry.npmjs.org/human-readable/-/human-readable-0.2.1.tgz",
      "integrity": "sha512-uFtz4WZlB1M5xI45MZ5AjyAzfrrgLOdty4363Jd0LQ5NGXa+UiKaD0EQXQeDfCinodrpePFk/vKjzBlDTZdZQQ=="
    },
    "node_modules/ip-matching": {
      "version": "2.1.2",
      "resolved": "https://registry.npmjs.org/ip-matching/-/ip-matching-2.1.2.tgz",
      "integrity": "sha512-/ok+VhKMasgR5gvTRViwRFQfc0qYt9Vdowg6TO4/pFlDCob5ZjGPkwuOoQVCd5OrMm20zqh+1vA8KLJZTeWudg=="
    },
    "node_modules/lodash": {
      "version": "4.17.21",
      "resolved": "https://registry.npmjs.org/lodash/-/lodash-4.17.21.tgz",
      "integrity": "sha512-v2kDEe57lecTulaDIuNTPy3Ry4gLGJ6Z1O3vE1krgXZNrsQ+LFTGHVxVjcXPs17LhbZVGedAJv8XZ1tvj5FvSg=="
    },
    "node_modules/lodash.merge": {
      "version": "4.6.2",
      "resolved": "https://registry.npmjs.org/lodash.merge/-/lodash.merge-4.6.2.tgz",
      "integrity": "sha512-0KpjqXRVvrYyCsX1swR/XTK0va6VQkQM6MNo7PqW77ByjAhoARA8EfrP1N4+KlKj8YS0ZUCtRT/YUuhyYDujIQ=="
    },
    "node_modules/lru-cache": {
      "version": "6.0.0",
      "resolved": "https://registry.npmjs.org/lru-cache/-/lru-cache-6.0.0.tgz",
      "integrity": "sha512-Jo6dJ04CmSjuznwJSS3pUeWmd/H0ffTlkXXgwZi+eq1UCmqQwCh+eLsYOYCwY991i2Fah4h1BEMCx4qThGbsiA==",
      "dependencies": {
        "yallist": "^4.0.0"
      },
      "engines": {
        "node": ">=10"
      }
    },
    "node_modules/node-fetch": {
      "version": "2.6.1",
      "resolved": "https://registry.npmjs.org/node-fetch/-/node-fetch-2.6.1.tgz",
      "integrity": "sha512-V4aYg89jEoVRxRb2fJdAg8FHvI7cEyYdVAh94HH0UIK8oJxUfkjlDQN9RbMx+bEjP7+ggMiFRprSti032Oipxw==",
      "engines": {
        "node": "4.x || >=6.0.0"
      }
    },
    "node_modules/semver": {
      "version": "7.3.5",
      "resolved": "https://registry.npmjs.org/semver/-/semver-7.3.5.tgz",
      "integrity": "sha512-PoeGJYh8HK4BTO/a9Tf6ZG3veo/A7ZVsYrSA6J8ny9nb3B1VrpkuN+z9OE5wfE5p6H4LchYZsegiQgbJD94ZFQ==",
      "dependencies": {
        "lru-cache": "^6.0.0"
      },
      "bin": {
        "semver": "bin/semver.js"
      },
      "engines": {
        "node": ">=10"
      }
    },
    "node_modules/tslib": {
      "version": "2.3.1",
      "resolved": "https://registry.npmjs.org/tslib/-/tslib-2.3.1.tgz",
      "integrity": "sha512-77EbyPPpMz+FRFRuAFlWMtmgUWGe9UOG2Z25NqCwiIjRhOf5iKGuzSe5P2w1laq+FkRy4p+PCuVkJSGkzTEKVw=="
    },
    "node_modules/yallist": {
      "version": "4.0.0",
      "resolved": "https://registry.npmjs.org/yallist/-/yallist-4.0.0.tgz",
      "integrity": "sha512-3wdGidZyq5PB084XLES5TpOSRA3wjXAlIWMhum2kRcv/41Sn2emQ0dycQW4uZXLejwKvg6EsvbdlVL+FYEct7A=="
    }
  },
  "dependencies": {
    "@opentelemetry/api": {
      "version": "1.0.2",
      "resolved": "https://registry.npmjs.org/@opentelemetry/api/-/api-1.0.2.tgz",
      "integrity": "sha512-DCF9oC89ao8/EJUqrp/beBlDR8Bp2R43jqtzayqCoomIvkwTuPfLcHdVhIGRR69GFlkykFjcDW+V92t0AS7Tww==",
      "peer": true
    },
    "@opentelemetry/api-metrics": {
      "version": "0.24.0",
      "resolved": "https://registry.npmjs.org/@opentelemetry/api-metrics/-/api-metrics-0.24.0.tgz",
      "integrity": "sha512-hdpkMeVlRGTuMshD2ZFaDjA/U0cZTkxUkJFvS/4yOiWfw+kEASmGE+U0/i9lbdQKuCR7X1rXSjbcYumlHcMG+A==",
      "requires": {}
    },
    "@opentelemetry/core": {
      "version": "0.24.0",
      "resolved": "https://registry.npmjs.org/@opentelemetry/core/-/core-0.24.0.tgz",
      "integrity": "sha512-KpsfxBbFTZT9zaB4Es/fFLbvSzVl9Io/8UUu/TYl4/HgqkmyVInNlWTgRiKyz9nsHzFpGP1kdZJj+YIut0IFsw==",
      "requires": {
        "@opentelemetry/semantic-conventions": "0.24.0",
        "semver": "^7.1.3"
      }
    },
    "@opentelemetry/exporter-prometheus": {
      "version": "0.24.0",
      "resolved": "https://registry.npmjs.org/@opentelemetry/exporter-prometheus/-/exporter-prometheus-0.24.0.tgz",
      "integrity": "sha512-sPFn+7DSbqQBQ+BrWitL356RnJmMkokSCnvqk5r8vRj4PRBwbbnHZnRgDdsczgj0tFIHzSK87X+H4eGXpYW1WA==",
      "requires": {
        "@opentelemetry/api-metrics": "0.24.0",
        "@opentelemetry/core": "0.24.0",
        "@opentelemetry/metrics": "0.24.0"
      }
    },
    "@opentelemetry/metrics": {
      "version": "0.24.0",
      "resolved": "https://registry.npmjs.org/@opentelemetry/metrics/-/metrics-0.24.0.tgz",
      "integrity": "sha512-QqmQCzrSuJE+sCOJ2xXNhctWPp/Am9ILs0Y01MDS08PRJoK20akKHM7eC4oU8ZdXphMg8rYgW2w7tY8rqvYnJg==",
      "requires": {
        "@opentelemetry/api-metrics": "0.24.0",
        "@opentelemetry/core": "0.24.0",
        "@opentelemetry/resources": "0.24.0",
        "lodash.merge": "^4.6.2"
      }
    },
    "@opentelemetry/resources": {
      "version": "0.24.0",
      "resolved": "https://registry.npmjs.org/@opentelemetry/resources/-/resources-0.24.0.tgz",
      "integrity": "sha512-uEr2m13IRkjQAjX6fsYqJ21aONCspRvuQunaCl8LbH1NS1Gj82TuRUHF6TM82ulBPK8pU+nrrqXKuky2cMcIzw==",
      "requires": {
        "@opentelemetry/core": "0.24.0",
        "@opentelemetry/semantic-conventions": "0.24.0"
      }
    },
    "@opentelemetry/sdk-metrics-base": {
      "version": "0.24.1-alpha.4",
      "resolved": "https://registry.npmjs.org/@opentelemetry/sdk-metrics-base/-/sdk-metrics-base-0.24.1-alpha.4.tgz",
      "integrity": "sha512-X9JOlABaOS/gHqukIjPeupLpXxGcKRGZgN/U6W/8EAxhRzFlJBQEmRA4oph68I3jSGymPP4+KcBTAhGMUK6usw==",
      "requires": {
        "@opentelemetry/api-metrics": "^0.24.1-alpha.4+a8d39317",
        "@opentelemetry/core": "^0.24.1-alpha.4+a8d39317",
        "@opentelemetry/resources": "^0.24.1-alpha.4+a8d39317",
        "lodash.merge": "^4.6.2"
      },
      "dependencies": {
        "@opentelemetry/api-metrics": {
          "version": "0.24.1-alpha.31",
          "resolved": "https://registry.npmjs.org/@opentelemetry/api-metrics/-/api-metrics-0.24.1-alpha.31.tgz",
          "integrity": "sha512-WYB42reUHLjQHRuTBjKhRkxcXG92zcp8cYRngF8VsCjjBJrO82Q2lewbfUms1A4RSvl2hs4ODH7+L5qICax75g==",
          "requires": {}
        },
        "@opentelemetry/core": {
          "version": "0.24.1-alpha.31",
          "resolved": "https://registry.npmjs.org/@opentelemetry/core/-/core-0.24.1-alpha.31.tgz",
          "integrity": "sha512-ssPWP6c+jXRc+zaf3W/7pumBKNP/11EU5rjFKpBE3/5ZKNolZwX6e+UhhXAX8FhdpuFEvtwumUmqryiTKuYK6A==",
          "requires": {
            "@opentelemetry/semantic-conventions": "^0.24.1-alpha.31+fd2410cc",
            "semver": "^7.1.3"
          }
        },
        "@opentelemetry/resources": {
          "version": "0.24.1-alpha.31",
          "resolved": "https://registry.npmjs.org/@opentelemetry/resources/-/resources-0.24.1-alpha.31.tgz",
          "integrity": "sha512-QtgoLy0xYXe/O9D8xcZajcrMI47L8tOC7+hbPAjtt7kSGYm0RJU+mupbLvOtxCDKDzsv+VcacxVg/bAbrOF2uA==",
          "requires": {
            "@opentelemetry/core": "^0.24.1-alpha.31+fd2410cc",
            "@opentelemetry/semantic-conventions": "^0.24.1-alpha.31+fd2410cc"
          }
        },
        "@opentelemetry/semantic-conventions": {
          "version": "0.24.1-alpha.31",
          "resolved": "https://registry.npmjs.org/@opentelemetry/semantic-conventions/-/semantic-conventions-0.24.1-alpha.31.tgz",
          "integrity": "sha512-kVdxTt4M+Fe5MwZ3QjAFDoHpiJ0MDh0IbvxQkHODb9EUiZxYICgDXKVUM25z/DDctaiXzlfTtVYOLDpPHGStPA=="
        }
      }
    },
    "@opentelemetry/semantic-conventions": {
      "version": "0.24.0",
      "resolved": "https://registry.npmjs.org/@opentelemetry/semantic-conventions/-/semantic-conventions-0.24.0.tgz",
      "integrity": "sha512-a/szuMQV0Quy0/M7kKdglcbRSoorleyyOwbTNNJ32O+RBN766wbQlMTvdimImTmwYWGr+NJOni1EcC242WlRcA=="
    },
    "abort-controller": {
      "version": "3.0.0",
      "resolved": "https://registry.npmjs.org/abort-controller/-/abort-controller-3.0.0.tgz",
      "integrity": "sha512-h8lQ8tacZYnR3vNQTgibj+tODHI5/+l06Au2Pcriv/Gmet0eaj4TwWH41sO9wnHDiQsEj19q0drzdWdeAHtweg==",
      "requires": {
        "event-target-shim": "^5.0.0"
      }
    },
    "async-mutex": {
      "version": "0.3.1",
      "resolved": "https://registry.npmjs.org/async-mutex/-/async-mutex-0.3.1.tgz",
      "integrity": "sha512-vRfQwcqBnJTLzVQo72Sf7KIUbcSUP5hNchx6udI1U6LuPQpfePgdjJzlCe76yFZ8pxlLjn9lwcl/Ya0TSOv0Tw==",
      "requires": {
        "tslib": "^2.1.0"
      }
    },
    "colors": {
      "version": "1.4.0",
      "resolved": "https://registry.npmjs.org/colors/-/colors-1.4.0.tgz",
      "integrity": "sha512-a+UqTh4kgZg/SlGvfbzDHpgRu7AAQOmmqRHJnxhRZICKFUT91brVhNNt58CMWU9PsBbv3PDCZUHbVxuDiH2mtA=="
    },
    "event-target-shim": {
      "version": "5.0.1",
      "resolved": "https://registry.npmjs.org/event-target-shim/-/event-target-shim-5.0.1.tgz",
      "integrity": "sha512-i/2XbnSz/uxRCU6+NdVJgKWDTM427+MqYbkQzD321DuCQJUqOuJKIA0IM2+W2xtYHdKOmZ4dR6fExsd4SXL+WQ=="
    },
    "human-readable": {
      "version": "0.2.1",
      "resolved": "https://registry.npmjs.org/human-readable/-/human-readable-0.2.1.tgz",
      "integrity": "sha512-uFtz4WZlB1M5xI45MZ5AjyAzfrrgLOdty4363Jd0LQ5NGXa+UiKaD0EQXQeDfCinodrpePFk/vKjzBlDTZdZQQ=="
    },
    "ip-matching": {
      "version": "2.1.2",
      "resolved": "https://registry.npmjs.org/ip-matching/-/ip-matching-2.1.2.tgz",
      "integrity": "sha512-/ok+VhKMasgR5gvTRViwRFQfc0qYt9Vdowg6TO4/pFlDCob5ZjGPkwuOoQVCd5OrMm20zqh+1vA8KLJZTeWudg=="
    },
    "lodash": {
      "version": "4.17.21",
      "resolved": "https://registry.npmjs.org/lodash/-/lodash-4.17.21.tgz",
      "integrity": "sha512-v2kDEe57lecTulaDIuNTPy3Ry4gLGJ6Z1O3vE1krgXZNrsQ+LFTGHVxVjcXPs17LhbZVGedAJv8XZ1tvj5FvSg=="
    },
    "lodash.merge": {
      "version": "4.6.2",
      "resolved": "https://registry.npmjs.org/lodash.merge/-/lodash.merge-4.6.2.tgz",
      "integrity": "sha512-0KpjqXRVvrYyCsX1swR/XTK0va6VQkQM6MNo7PqW77ByjAhoARA8EfrP1N4+KlKj8YS0ZUCtRT/YUuhyYDujIQ=="
    },
    "lru-cache": {
      "version": "6.0.0",
      "resolved": "https://registry.npmjs.org/lru-cache/-/lru-cache-6.0.0.tgz",
      "integrity": "sha512-Jo6dJ04CmSjuznwJSS3pUeWmd/H0ffTlkXXgwZi+eq1UCmqQwCh+eLsYOYCwY991i2Fah4h1BEMCx4qThGbsiA==",
      "requires": {
        "yallist": "^4.0.0"
      }
    },
    "node-fetch": {
      "version": "2.6.1",
      "resolved": "https://registry.npmjs.org/node-fetch/-/node-fetch-2.6.1.tgz",
      "integrity": "sha512-V4aYg89jEoVRxRb2fJdAg8FHvI7cEyYdVAh94HH0UIK8oJxUfkjlDQN9RbMx+bEjP7+ggMiFRprSti032Oipxw=="
    },
    "semver": {
      "version": "7.3.5",
      "resolved": "https://registry.npmjs.org/semver/-/semver-7.3.5.tgz",
      "integrity": "sha512-PoeGJYh8HK4BTO/a9Tf6ZG3veo/A7ZVsYrSA6J8ny9nb3B1VrpkuN+z9OE5wfE5p6H4LchYZsegiQgbJD94ZFQ==",
      "requires": {
        "lru-cache": "^6.0.0"
      }
    },
    "tslib": {
      "version": "2.3.1",
      "resolved": "https://registry.npmjs.org/tslib/-/tslib-2.3.1.tgz",
      "integrity": "sha512-77EbyPPpMz+FRFRuAFlWMtmgUWGe9UOG2Z25NqCwiIjRhOf5iKGuzSe5P2w1laq+FkRy4p+PCuVkJSGkzTEKVw=="
    },
    "yallist": {
      "version": "4.0.0",
      "resolved": "https://registry.npmjs.org/yallist/-/yallist-4.0.0.tgz",
      "integrity": "sha512-3wdGidZyq5PB084XLES5TpOSRA3wjXAlIWMhum2kRcv/41Sn2emQ0dycQW4uZXLejwKvg6EsvbdlVL+FYEct7A=="
    }
  }
}
